
Microsoft Visual Studio Solution File, Format Version 12.00
# Visual Studio Version 16
VisualStudioVersion = 16.0.31624.102
MinimumVisualStudioVersion = 10.0.40219.1
Project("{9A19103F-16F7-4668-BE54-9A1E7A4F7556}") = "PracticePrograms", "PracticePrograms\PracticePrograms.csproj", "{965A2C88-17A3-4EC1-AE8C-C7040845B0E4}"
EndProject
Project("{FAE04EC0-301F-11D3-BF4B-00C04F79EFBC}") = "PracticeProgramsTests", "PracticeProgramsTests\PracticeProgramsTests.csproj", "{40723B45-53AE-4792-BACC-1898188326D4}"
EndProject
Global
	GlobalSection(SolutionConfigurationPlatforms) = preSolution
		Debug|Any CPU = Debug|Any CPU
		Release|Any CPU = Release|Any CPU
	EndGlobalSection
	GlobalSection(ProjectConfigurationPlatforms) = postSolution
		{965A2C88-17A3-4EC1-AE8C-C7040845B0E4}.Debug|Any CPU.ActiveCfg = Debug|Any CPU
		{965A2C88-17A3-4EC1-AE8C-C7040845B0E4}.Debug|Any CPU.Build.0 = Debug|Any CPU
		{965A2C88-17A3-4EC1-AE8C-C7040845B0E4}.Release|Any CPU.ActiveCfg = Release|Any CPU
		{965A2C88-17A3-4EC1-AE8C-C7040845B0E4}.Release|Any CPU.Build.0 = Release|Any CPU
		{40723B45-53AE-4792-BACC-1898188326D4}.Debug|Any CPU.ActiveCfg = Debug|Any CPU
		{40723B45-53AE-4792-BACC-1898188326D4}.Debug|Any CPU.Build.0 = Debug|Any CPU
		{40723B45-53AE-4792-BACC-1898188326D4}.Release|Any CPU.ActiveCfg = Release|Any CPU
		{40723B45-53AE-4792-BACC-1898188326D4}.Release|Any CPU.Build.0 = Release|Any CPU
	EndGlobalSection
	GlobalSection(SolutionProperties) = preSolution
		HideSolutionNode = FALSE
	EndGlobalSection
	GlobalSection(ExtensibilityGlobals) = postSolution
		SolutionGuid = {ACAAE1DD-43D1-4EB9-B864-CB506A8B14C1}
	EndGlobalSection
EndGlobal
